
Microsoft Visual Studio Solution File, Format Version 12.00
# Visual Studio Version 17
VisualStudioVersion = 17.10.35027.167
MinimumVisualStudioVersion = 10.0.40219.1
Project("{FAE04EC0-301F-11D3-BF4B-00C04F79EFBC}") = "Datapoint.Compass", "Datapoint.Compass\Datapoint.Compass.csproj", "{B8FEC760-E4A4-4A27-974C-9FF10C838ABD}"
EndProject
Project("{2150E333-8FDC-42A3-9474-1A3956D46DE8}") = "Solution Items", "Solution Items", "{F5029F05-BC9B-472A-9AD8-443128D0B61D}"
	ProjectSection(SolutionItems) = preProject
		.gitignore = .gitignore
		Datapoint.Compass.xml = Datapoint.Compass.xml
	EndProjectSection
EndProject
Global
	GlobalSection(SolutionConfigurationPlatforms) = preSolution
		Debug|Any CPU = Debug|Any CPU
		Release|Any CPU = Release|Any CPU
	EndGlobalSection
	GlobalSection(ProjectConfigurationPlatforms) = postSolution
		{B8FEC760-E4A4-4A27-974C-9FF10C838ABD}.Debug|Any CPU.ActiveCfg = Debug|Any CPU
		{B8FEC760-E4A4-4A27-974C-9FF10C838ABD}.Debug|Any CPU.Build.0 = Debug|Any CPU
		{B8FEC760-E4A4-4A27-974C-9FF10C838ABD}.Release|Any CPU.ActiveCfg = Release|Any CPU
		{B8FEC760-E4A4-4A27-974C-9FF10C838ABD}.Release|Any CPU.Build.0 = Release|Any CPU
	EndGlobalSection
	GlobalSection(SolutionProperties) = preSolution
		HideSolutionNode = FALSE
	EndGlobalSection
	GlobalSection(ExtensibilityGlobals) = postSolution
		SolutionGuid = {5B7615A4-7E54-43DE-9A3D-92351AB948B1}
	EndGlobalSection
EndGlobal
