
Microsoft Visual Studio Solution File, Format Version 12.00
# Visual Studio Version 17
VisualStudioVersion = 17.10.35027.167
MinimumVisualStudioVersion = 10.0.40219.1
Project("{2150E333-8FDC-42A3-9474-1A3956D46DE8}") = "Solution Items", "Solution Items", "{8A3DDC35-00FD-4BF2-8F80-BFB461EF9A70}"
	ProjectSection(SolutionItems) = preProject
		.gitignore = .gitignore
		Datapoint.Compass.xml = Datapoint.Compass.xml
		dotnet-tools.json = dotnet-tools.json
		NuGet.config = NuGet.config
	EndProjectSection
EndProject
Project("{FAE04EC0-301F-11D3-BF4B-00C04F79EFBC}") = "Datapoint.Compass", "Datapoint.Compass\Datapoint.Compass.csproj", "{8C33CFFE-3B9D-4928-935C-F64E448C2FFC}"
EndProject
Project("{FAE04EC0-301F-11D3-BF4B-00C04F79EFBC}") = "Datapoint.Compass.Api", "Datapoint.Compass.Api\Datapoint.Compass.Api.csproj", "{5B635CB0-4F82-42A6-828F-86BBBFA137A5}"
EndProject
Project("{FAE04EC0-301F-11D3-BF4B-00C04F79EFBC}") = "Datapoint.Compass.Api.Abstractions", "Datapoint.Compass.Api.Abstractions\Datapoint.Compass.Api.Abstractions.csproj", "{BFF74659-28AB-4870-AD52-495CE7AF973A}"
EndProject
Project("{FAE04EC0-301F-11D3-BF4B-00C04F79EFBC}") = "Datapoint.Compass.EntityFrameworkCore", "Datapoint.Compass.EntityFrameworkCore\Datapoint.Compass.EntityFrameworkCore.csproj", "{BD467BF1-3EC0-4EEC-AAFA-599C38A827AB}"
EndProject
Project("{FAE04EC0-301F-11D3-BF4B-00C04F79EFBC}") = "Datapoint.Compass.Enumerations", "Datapoint.Compass.Enumerations\Datapoint.Compass.Enumerations.csproj", "{829644BC-A8A9-4ED2-A46C-2E87BD2FF4B6}"
EndProject
Project("{FAE04EC0-301F-11D3-BF4B-00C04F79EFBC}") = "Datapoint.Compass.Middleware", "Datapoint.Compass.Middleware\Datapoint.Compass.Middleware.csproj", "{825F5E1E-0AB3-4450-84D6-D6BB25F85F1D}"
EndProject
Project("{FAE04EC0-301F-11D3-BF4B-00C04F79EFBC}") = "Datapoint.Compass.Middleware.Abstractions", "Datapoint.Compass.Middleware.Abstractions\Datapoint.Compass.Middleware.Abstractions.csproj", "{2B46C9CD-1B66-4386-B8DF-ABBC876DF207}"
EndProject
Project("{FAE04EC0-301F-11D3-BF4B-00C04F79EFBC}") = "Datapoint.Compass.Migrator", "Datapoint.Compass.Migrator\Datapoint.Compass.Migrator.csproj", "{D92837DC-DF7C-4C70-B386-D54F49FE418F}"
EndProject
Global
	GlobalSection(SolutionConfigurationPlatforms) = preSolution
		Debug|Any CPU = Debug|Any CPU
		Release|Any CPU = Release|Any CPU
	EndGlobalSection
	GlobalSection(ProjectConfigurationPlatforms) = postSolution
		{8C33CFFE-3B9D-4928-935C-F64E448C2FFC}.Debug|Any CPU.ActiveCfg = Debug|Any CPU
		{8C33CFFE-3B9D-4928-935C-F64E448C2FFC}.Debug|Any CPU.Build.0 = Debug|Any CPU
		{8C33CFFE-3B9D-4928-935C-F64E448C2FFC}.Release|Any CPU.ActiveCfg = Release|Any CPU
		{8C33CFFE-3B9D-4928-935C-F64E448C2FFC}.Release|Any CPU.Build.0 = Release|Any CPU
		{5B635CB0-4F82-42A6-828F-86BBBFA137A5}.Debug|Any CPU.ActiveCfg = Debug|Any CPU
		{5B635CB0-4F82-42A6-828F-86BBBFA137A5}.Debug|Any CPU.Build.0 = Debug|Any CPU
		{5B635CB0-4F82-42A6-828F-86BBBFA137A5}.Release|Any CPU.ActiveCfg = Release|Any CPU
		{5B635CB0-4F82-42A6-828F-86BBBFA137A5}.Release|Any CPU.Build.0 = Release|Any CPU
		{BFF74659-28AB-4870-AD52-495CE7AF973A}.Debug|Any CPU.ActiveCfg = Debug|Any CPU
		{BFF74659-28AB-4870-AD52-495CE7AF973A}.Debug|Any CPU.Build.0 = Debug|Any CPU
		{BFF74659-28AB-4870-AD52-495CE7AF973A}.Release|Any CPU.ActiveCfg = Release|Any CPU
		{BFF74659-28AB-4870-AD52-495CE7AF973A}.Release|Any CPU.Build.0 = Release|Any CPU
		{BD467BF1-3EC0-4EEC-AAFA-599C38A827AB}.Debug|Any CPU.ActiveCfg = Debug|Any CPU
		{BD467BF1-3EC0-4EEC-AAFA-599C38A827AB}.Debug|Any CPU.Build.0 = Debug|Any CPU
		{BD467BF1-3EC0-4EEC-AAFA-599C38A827AB}.Release|Any CPU.ActiveCfg = Release|Any CPU
		{BD467BF1-3EC0-4EEC-AAFA-599C38A827AB}.Release|Any CPU.Build.0 = Release|Any CPU
		{829644BC-A8A9-4ED2-A46C-2E87BD2FF4B6}.Debug|Any CPU.ActiveCfg = Debug|Any CPU
		{829644BC-A8A9-4ED2-A46C-2E87BD2FF4B6}.Debug|Any CPU.Build.0 = Debug|Any CPU
		{829644BC-A8A9-4ED2-A46C-2E87BD2FF4B6}.Release|Any CPU.ActiveCfg = Release|Any CPU
		{829644BC-A8A9-4ED2-A46C-2E87BD2FF4B6}.Release|Any CPU.Build.0 = Release|Any CPU
		{825F5E1E-0AB3-4450-84D6-D6BB25F85F1D}.Debug|Any CPU.ActiveCfg = Debug|Any CPU
		{825F5E1E-0AB3-4450-84D6-D6BB25F85F1D}.Debug|Any CPU.Build.0 = Debug|Any CPU
		{825F5E1E-0AB3-4450-84D6-D6BB25F85F1D}.Release|Any CPU.ActiveCfg = Release|Any CPU
		{825F5E1E-0AB3-4450-84D6-D6BB25F85F1D}.Release|Any CPU.Build.0 = Release|Any CPU
		{2B46C9CD-1B66-4386-B8DF-ABBC876DF207}.Debug|Any CPU.ActiveCfg = Debug|Any CPU
		{2B46C9CD-1B66-4386-B8DF-ABBC876DF207}.Debug|Any CPU.Build.0 = Debug|Any CPU
		{2B46C9CD-1B66-4386-B8DF-ABBC876DF207}.Release|Any CPU.ActiveCfg = Release|Any CPU
		{2B46C9CD-1B66-4386-B8DF-ABBC876DF207}.Release|Any CPU.Build.0 = Release|Any CPU
		{D92837DC-DF7C-4C70-B386-D54F49FE418F}.Debug|Any CPU.ActiveCfg = Debug|Any CPU
		{D92837DC-DF7C-4C70-B386-D54F49FE418F}.Debug|Any CPU.Build.0 = Debug|Any CPU
		{D92837DC-DF7C-4C70-B386-D54F49FE418F}.Release|Any CPU.ActiveCfg = Release|Any CPU
		{D92837DC-DF7C-4C70-B386-D54F49FE418F}.Release|Any CPU.Build.0 = Release|Any CPU
	EndGlobalSection
	GlobalSection(SolutionProperties) = preSolution
		HideSolutionNode = FALSE
	EndGlobalSection
	GlobalSection(ExtensibilityGlobals) = postSolution
		SolutionGuid = {2AE512BF-1271-4A85-A024-F81EB7F26E9A}
	EndGlobalSection
EndGlobal
